<?xml version="1.0" encoding="utf-8"?>
<Project ToolsVersion="4.0" xmlns="http://schemas.microsoft.com/developer/msbuild/2003">
  <ItemGroup>
    <Filter Include="Source Files">
      <UniqueIdentifier>{4FC737F1-C7A5-4376-A066-2A32D752A2FF}</UniqueIdentifier>
      <Extensions>cpp;c;cc;cxx;def;odl;idl;hpj;bat;asm;asmx</Extensions>
    </Filter>
    <Filter Include="Header Files">
      <UniqueIdentifier>{93995380-89BD-4b04-88EB-625FBE52EBFB}</UniqueIdentifier>
      <Extensions>h;hpp;hxx;hm;inl;inc;xsd</Extensions>
    </Filter>
    <Filter Include="Resource Files">
      <UniqueIdentifier>{67DA6AB6-F800-4c08-8B7A-83BB121AAD01}</UniqueIdentifier>
      <Extensions>rc;ico;cur;bmp;dlg;rc2;rct;bin;rgs;gif;jpg;jpeg;jpe;resx;tiff;tif;png;wav;mfcribbon-ms</Extensions>
    </Filter>
    <Filter Include="Source Files\backup">
      <UniqueIdentifier>{7d1ed3aa-732b-4006-b2a2-384d329bf120}</UniqueIdentifier>
    </Filter>
    <Filter Include="Source Files\ToolsForTesting">
      <UniqueIdentifier>{d2f623f0-5379-4230-819b-e2d6f88a7974}</UniqueIdentifier>
    </Filter>
    <Filter Include="Source Files\FrameGrabbers">
      <UniqueIdentifier>{5d72a327-7888-47fe-9ccb-ca6778ab5e73}</UniqueIdentifier>
    </Filter>
    <Filter Include="Source Files\VideoWriter">
      <UniqueIdentifier>{bff0a973-36ec-4ac6-9d65-11f6bcf7d64f}</UniqueIdentifier>
    </Filter>
  </ItemGroup>
  <ItemGroup>
    <Text Include="ReadMe.txt" />
  </ItemGroup>
  <ItemGroup>
    <ClCompile Include="TennisCourt.cpp">
      <Filter>Source Files</Filter>
    </ClCompile>
    <ClCompile Include="ballFinder.cpp">
      <Filter>Source Files</Filter>
    </ClCompile>
    <ClCompile Include="video_writer.cpp">
      <Filter>Source Files</Filter>
    </ClCompile>
    <ClCompile Include="opticalFlow.cpp">
      <Filter>Source Files</Filter>
    </ClCompile>
    <ClCompile Include="backup\NotSoOldTennisCourt.cpp">
      <Filter>Source Files\backup</Filter>
    </ClCompile>
    <ClCompile Include="OldTennisCourt.cpp">
      <Filter>Source Files\backup</Filter>
    </ClCompile>
    <ClCompile Include="ToolsForTesting\testing.cpp">
      <Filter>Source Files\ToolsForTesting</Filter>
    </ClCompile>
    <ClCompile Include="camera_frame_grabber.cpp">
      <Filter>Source Files\FrameGrabbers</Filter>
    </ClCompile>
    <ClCompile Include="file_frame_grabber.cpp">
      <Filter>Source Files\FrameGrabbers</Filter>
    </ClCompile>
    <ClCompile Include="sys_file_frame_grabber.cpp">
      <Filter>Source Files\FrameGrabbers</Filter>
    </ClCompile>
    <ClCompile Include="analysis_system.cpp">
      <Filter>Source Files</Filter>
    </ClCompile>
    <ClCompile Include="sys_camera_grabber.cpp">
      <Filter>Source Files\FrameGrabbers</Filter>
    </ClCompile>
    <ClCompile Include="utils.cpp">
      <Filter>Source Files</Filter>
    </ClCompile>
    <ClCompile Include="sys_video_writer.cpp">
      <Filter>Source Files\VideoWriter</Filter>
    </ClCompile>
  </ItemGroup>
  <ItemGroup>
    <ClInclude Include="ballFinder.h">
      <Filter>Source Files</Filter>
    </ClInclude>
    <ClInclude Include="testCV.h">
      <Filter>Source Files</Filter>
    </ClInclude>
    <ClInclude Include="utils.h">
      <Filter>Source Files</Filter>
    </ClInclude>
    <ClInclude Include="video_writer.h">
      <Filter>Source Files</Filter>
    </ClInclude>
    <ClInclude Include="ToolsForTesting\testing.h">
      <Filter>Source Files\ToolsForTesting</Filter>
    </ClInclude>
    <ClInclude Include="camera_frame_grabber.h">
      <Filter>Source Files\FrameGrabbers</Filter>
    </ClInclude>
    <ClInclude Include="file_frame_grabber.h">
      <Filter>Source Files\FrameGrabbers</Filter>
    </ClInclude>
    <ClInclude Include="frame_grabber.h">
      <Filter>Source Files\FrameGrabbers</Filter>
    </ClInclude>
    <ClInclude Include="sys_file_frame_grabber.h">
      <Filter>Source Files\FrameGrabbers</Filter>
    </ClInclude>
    <ClInclude Include="sys_frame_grabber.h">
      <Filter>Source Files\FrameGrabbers</Filter>
    </ClInclude>
    <ClInclude Include="analysis_system.h">
      <Filter>Source Files</Filter>
    </ClInclude>
    <ClInclude Include="sys_camera_grabber.h">
      <Filter>Source Files\FrameGrabbers</Filter>
    </ClInclude>
    <ClInclude Include="sys_video_writer.h">
      <Filter>Source Files\VideoWriter</Filter>
    </ClInclude>
  </ItemGroup>
</Project>